
Microsoft Visual Studio Solution File, Format Version 12.00
# Visual Studio 2012
Project("{FAE04EC0-301F-11D3-BF4B-00C04F79EFBC}") = "CBUI", "CBUI\CBUI.csproj", "{EB3621BB-B544-45E0-89F0-989AF189302E}"
EndProject
Global
	GlobalSection(SolutionConfigurationPlatforms) = preSolution
		Debug|Any CPU = Debug|Any CPU
		Release|Any CPU = Release|Any CPU
	EndGlobalSection
	GlobalSection(ProjectConfigurationPlatforms) = postSolution
		{EB3621BB-B544-45E0-89F0-989AF189302E}.Debug|Any CPU.ActiveCfg = Debug|Any CPU
		{EB3621BB-B544-45E0-89F0-989AF189302E}.Debug|Any CPU.Build.0 = Debug|Any CPU
		{EB3621BB-B544-45E0-89F0-989AF189302E}.Release|Any CPU.ActiveCfg = Release|Any CPU
		{EB3621BB-B544-45E0-89F0-989AF189302E}.Release|Any CPU.Build.0 = Release|Any CPU
	EndGlobalSection
EndGlobal
